{"SurveyEntry":{"SurveyID":"SV_6sAAZH7qj0jogRw","SurveyName":"cillm-eng-final","SurveyDescription":null,"SurveyOwnerID":"UR_cTqPBF9WOC6R8jA","SurveyBrandID":"tudelft","DivisionID":"DV_0O3QVFAcL3Y2BpP","SurveyLanguage":"EN","SurveyActiveResponseSet":"RS_1NshoZD3XLiApYq","SurveyStatus":"Active","SurveyStartDate":"0000-00-00 00:00:00","SurveyExpirationDate":"0000-00-00 00:00:00","SurveyCreationDate":"2024-07-29 06:55:49","CreatorID":"UR_cTqPBF9WOC6R8jA","LastModified":"2024-08-01 16:11:55","LastAccessed":"0000-00-00 00:00:00","LastActivated":"2024-07-29 07:02:42","Deleted":null},"SurveyElements":[{"SurveyID":"SV_6sAAZH7qj0jogRw","Element":"BL","PrimaryAttribute":"Survey Blocks","SecondaryAttribute":null,"TertiaryAttribute":null,"Payload":{"1":{"Type":"Trash","Description":"Trash \/ Unused Questions","ID":"BL_bf32VXryJIYLmcu","BlockElements":[{"Type":"Question","QuestionID":"QID4"},{"Type":"Question","QuestionID":"QID5"},{"Type":"Question","QuestionID":"QID2"},{"Type":"Question","QuestionID":"QID1"},{"Type":"Question","QuestionID":"QID7"},{"Type":"Question","QuestionID":"QID8"},{"Type":"Question","QuestionID":"QID9"},{"Type":"Question","QuestionID":"QID10"},{"Type":"Question","QuestionID":"QID11"}]},"3":{"Type":"Standard","SubType":"","Description":"Benefits of Collaborative Writing - Jul 29, 2024","ID":"BL_3k5xV3umF7tnXx4","BlockElements":[{"Type":"Question","QuestionID":"QID3"}]},"6":{"Type":"Standard","SubType":"","Description":"Ownership and Responsibility - Jul 29, 2024","ID":"BL_3HFlIoxh4fSfMWi","BlockElements":[{"Type":"Question","QuestionID":"QID6"}]},"7":{"Type":"Standard","SubType":"","Description":"Usefullness of features","ID":"BL_a5k8wW7J91yRZhY","Options":{"BlockLocking":"false","RandomizeQuestions":"false","BlockVisibility":"Expanded"},"BlockElements":[{"Type":"Question","QuestionID":"QID12"}]}}},{"SurveyID":"SV_6sAAZH7qj0jogRw","Element":"FL","PrimaryAttribute":"Survey Flow","SecondaryAttribute":null,"TertiaryAttribute":null,"Payload":{"Flow":[{"ID":"BL_a5k8wW7J91yRZhY","Type":"Standard","FlowID":"FL_8"},{"ID":"BL_3HFlIoxh4fSfMWi","Type":"Standard","FlowID":"FL_7"},{"ID":"BL_3k5xV3umF7tnXx4","Type":"Standard","FlowID":"FL_4"}],"Properties":{"Count":8},"FlowID":"FL_1","Type":"Root"}},{"SurveyID":"SV_6sAAZH7qj0jogRw","Element":"PL","PrimaryAttribute":"Preview Link","SecondaryAttribute":null,"TertiaryAttribute":null,"Payload":{"PreviewType":"Brand","PreviewID":"3a4892b2-579b-42bf-bc3c-cdd57bfbf0fc"}},{"SurveyID":"SV_6sAAZH7qj0jogRw","Element":"SO","PrimaryAttribute":"Survey Options","SecondaryAttribute":null,"TertiaryAttribute":null,"Payload":{"BackButton":"false","SaveAndContinue":"true","SurveyProtection":"PublicSurvey","BallotBoxStuffingPrevention":"false","NoIndex":"Yes","SecureResponseFiles":"true","SurveyExpiration":"None","SurveyTermination":"DisplayMessage","Header":"","Footer":"","ProgressBarDisplay":"None","PartialData":"+1 week","ValidationMessage":null,"PreviousButton":"","NextButton":"","SurveyTitle":"Qualtrics Survey | Qualtrics Experience Management","SkinLibrary":"Qualtrics","SkinType":"templated","Skin":{"brandingId":null,"templateId":"*base","overrides":null},"NewScoring":1,"SurveyMetaDescription":"The most powerful, simple and trusted way to gather experience data. Start your journey to experience management and try a free account today.","EOSMessage":"MS_1FHwnky23FVEbOK","ShowExportTags":"false","CollectGeoLocation":"false","PasswordProtection":"No","AnonymizeResponse":"No","RefererCheck":"No","UseCustomSurveyLinkCompletedMessage":null,"SurveyLinkCompletedMessage":null,"SurveyLinkCompletedMessageLibrary":null,"ResponseSummary":"No","EOSMessageLibrary":"UR_cTqPBF9WOC6R8jA","EOSRedirectURL":null,"EmailThankYou":"false","ThankYouEmailMessageLibrary":null,"ThankYouEmailMessage":null,"ValidateMessage":"false","ValidationMessageLibrary":null,"InactiveSurvey":null,"PartialDeletion":null,"PartialDataCloseAfter":"LastActivity","InactiveMessageLibrary":null,"InactiveMessage":null,"AvailableLanguages":{"EN":[]},"ProtectSelectionIds":true}},{"SurveyID":"SV_6sAAZH7qj0jogRw","Element":"QGO","PrimaryAttribute":"QGO_QuotaGroupOrder","SecondaryAttribute":null,"TertiaryAttribute":null,"Payload":["QG_gR3Sy5jWczt5Gvd"]},{"SurveyID":"SV_6sAAZH7qj0jogRw","Element":"SCO","PrimaryAttribute":"Scoring","SecondaryAttribute":null,"TertiaryAttribute":null,"Payload":{"ScoringCategories":[],"ScoringCategoryGroups":[],"ScoringSummaryCategory":null,"ScoringSummaryAfterQuestions":0,"ScoringSummaryAfterSurvey":0,"DefaultScoringCategory":null,"AutoScoringCategory":null}},{"SurveyID":"SV_6sAAZH7qj0jogRw","Element":"PROJ","PrimaryAttribute":"CORE","SecondaryAttribute":null,"TertiaryAttribute":"1.1.0","Payload":{"ProjectCategory":"CORE","SchemaVersion":"1.1.0"}},{"SurveyID":"SV_6sAAZH7qj0jogRw","Element":"STAT","PrimaryAttribute":"Survey Statistics","SecondaryAttribute":null,"TertiaryAttribute":null,"Payload":{"MobileCompatible":false,"ID":"Survey Statistics"}},{"SurveyID":"SV_6sAAZH7qj0jogRw","Element":"QC","PrimaryAttribute":"Survey Question Count","SecondaryAttribute":"12","TertiaryAttribute":null,"Payload":null},{"SurveyID":"SV_6sAAZH7qj0jogRw","Element":"SQ","PrimaryAttribute":"QID1","SecondaryAttribute":"Click to write the question text","TertiaryAttribute":null,"Payload":{"QuestionText":"Click to write the question text","DataExportTag":"Q1","QuestionType":"MC","Selector":"SAVR","SubSelector":"TX","DataVisibility":{"Private":false,"Hidden":false},"Configuration":{"QuestionDescriptionOption":"UseText"},"QuestionDescription":"Click to write the question text","Choices":{"1":{"Display":"Click to write Choice 1"},"2":{"Display":"Click to write Choice 2"},"3":{"Display":"Click to write Choice 3"}},"ChoiceOrder":["1","2","3"],"Validation":{"Settings":{"ForceResponse":"OFF","Type":"None"}},"Language":[],"NextChoiceId":4,"NextAnswerId":1,"QuestionID":"QID1"}},{"SurveyID":"SV_6sAAZH7qj0jogRw","Element":"QG","PrimaryAttribute":"QG_gR3Sy5jWczt5Gvd","SecondaryAttribute":"Default Quota Group","TertiaryAttribute":null,"Payload":{"ID":"QG_gR3Sy5jWczt5Gvd","Name":"Default Quota Group","Selected":true,"MultipleMatch":"PlaceInAll","Public":false,"Quotas":[]}},{"SurveyID":"SV_6sAAZH7qj0jogRw","Element":"RS","PrimaryAttribute":"RS_1NshoZD3XLiApYq","SecondaryAttribute":"Default Response Set","TertiaryAttribute":null,"Payload":null},{"SurveyID":"SV_6sAAZH7qj0jogRw","Element":"SQ","PrimaryAttribute":"QID6","SecondaryAttribute":"Please indicate your level of agreement with the following statement","TertiaryAttribute":null,"Payload":{"QuestionText":"Please indicate your level of agreement with the following statement","DataExportTag":"MX3","QuestionID":"QID6","QuestionType":"Matrix","Selector":"Likert","SubSelector":"SingleAnswer","QuestionDescription":"Please indicate your level of agreement with the following statement","Choices":{"1":{"Display":"I believe I've made contributions to the content"},"2":{"Display":"I will submit the content I wrote publicly with my name in it? (like in a charity websites, newspaper articles etc.)"},"3":{"Display":"I claim 100% ownership of the content I wrote"}},"ChoiceOrder":[1,2,3],"Validation":{"Settings":{"ForceResponse":"ON","ForceResponseType":"ON","Type":"None"}},"Language":[],"Answers":{"1":{"Display":"Strongly Disagree"},"2":{"Display":"Disagree"},"3":{"Display":"Somewhat Disagree"},"4":{"Display":"Neither Agree nor Disagree"},"5":{"Display":"Somewhat Agree"},"6":{"Display":"Agree"},"7":{"Display":"Strongly Agree"}},"AnswerOrder":[1,2,3,4,5,6,7],"DataVisibility":{"Private":false,"Hidden":false},"Configuration":{"QuestionDescriptionOption":"UseText","TextPosition":"inline","RepeatHeaders":"none","WhiteSpace":"OFF","MobileFirst":true},"NextChoiceId":4,"NextAnswerId":8,"ChoiceDataExportTags":false}},{"SurveyID":"SV_6sAAZH7qj0jogRw","Element":"SQ","PrimaryAttribute":"QID8","SecondaryAttribute":"Please indicate your level of agreement with the following statement about authorship.","TertiaryAttribute":null,"Payload":{"QuestionText":"Please indicate your level of agreement with the following statement about authorship.\n","DataExportTag":"SelfDeclareAuthors","QuestionID":"QID8","QuestionType":"Matrix","Selector":"Likert","SubSelector":"SingleAnswer","QuestionDescription":"Please indicate your level of agreement with the following statement about authorship.","Choices":{"1":{"Display":"Will you submit any LLM-generated content somewhere with your name in it? (like assignments, newspaper articles, or anything)"}},"ChoiceOrder":["1"],"Validation":{"Settings":{"Type":"None"}},"Language":[],"Answers":{"1":{"Display":"Strongly Disagree"},"2":{"Display":"Disagree"},"3":{"Display":"Somewhat Disagree"},"4":{"Display":"Neither Agree nor Disagree"},"5":{"Display":"Somewhat Agree"},"6":{"Display":"Agree"},"7":{"Display":"Strongly Agree"}},"AnswerOrder":["1","2","3","4","5","6","7"],"DataVisibility":{"Private":false,"Hidden":false},"Configuration":{"QuestionDescriptionOption":"UseText","TextPosition":"inline","RepeatHeaders":"none","WhiteSpace":"OFF","MobileFirst":true},"NextChoiceId":2,"NextAnswerId":8,"ChoiceDataExportTags":false}},{"SurveyID":"SV_6sAAZH7qj0jogRw","Element":"SQ","PrimaryAttribute":"QID7","SecondaryAttribute":"Please indicate your level of agreement with the following statement about creative writing.","TertiaryAttribute":null,"Payload":{"QuestionText":"Please indicate your level of agreement with the following statement about creative writing.\n","DataExportTag":"CreativeWriting","QuestionID":"QID7","QuestionType":"Matrix","Selector":"Likert","SubSelector":"SingleAnswer","QuestionDescription":"Please indicate your level of agreement with the following statement about creative writing.","Choices":{"1":{"Display":"If you\u2019ve utilized ChatGPT to compose a story or poem, which is a creative task, do you believe you\u2019ve made contributions to the content?"}},"ChoiceOrder":["1"],"Validation":{"Settings":{"Type":"None"}},"Language":[],"Answers":{"1":{"Display":"Strongly Disagree"},"2":{"Display":"Disagree"},"3":{"Display":"Somewhat Disagree"},"4":{"Display":"Neither Agree nor Disagree"},"5":{"Display":"Somewhat Agree"},"6":{"Display":"Agree"},"7":{"Display":"Strongly Agree"}},"AnswerOrder":["1","2","3","4","5","6","7"],"DataVisibility":{"Private":false,"Hidden":false},"Configuration":{"QuestionDescriptionOption":"UseText","TextPosition":"inline","RepeatHeaders":"none","WhiteSpace":"OFF","MobileFirst":true},"NextChoiceId":2,"NextAnswerId":8,"ChoiceDataExportTags":false}},{"SurveyID":"SV_6sAAZH7qj0jogRw","Element":"SQ","PrimaryAttribute":"QID11","SecondaryAttribute":"Please indicate your level of agreement with the following statement about modified content owner...","TertiaryAttribute":null,"Payload":{"QuestionText":"Please indicate your level of agreement with the following statement about modified content ownership.\n","DataExportTag":"SenseOfOwnershipModified","QuestionID":"QID11","QuestionType":"Matrix","Selector":"Likert","SubSelector":"SingleAnswer","QuestionDescription":"Please indicate your level of agreement with the following statement about modified content owner...","Choices":{"1":{"Display":"While the initial content was generated by ChatGPT, the modifications reflect a human intervention, shaping and refining the text to better fit the context or convey a specific message. In this altered state, as you have modified the original ChatGPT response; does that mean you own it now?"}},"ChoiceOrder":["1"],"Validation":{"Settings":{"Type":"None"}},"Language":[],"Answers":{"1":{"Display":"Strongly Disagree"},"2":{"Display":"Disagree"},"3":{"Display":"Somewhat Disagree"},"4":{"Display":"Neither Agree nor Disagree"},"5":{"Display":"Somewhat Agree"},"6":{"Display":"Agree"},"7":{"Display":"Strongly Agree"}},"AnswerOrder":["1","2","3","4","5","6","7"]}},{"SurveyID":"SV_6sAAZH7qj0jogRw","Element":"SQ","PrimaryAttribute":"QID10","SecondaryAttribute":"Please indicate your level of agreement with the following statement about ownership after prompt...","TertiaryAttribute":null,"Payload":{"QuestionText":"Please indicate your level of agreement with the following statement about ownership after prompting.\n","DataExportTag":"SenseOfOwnershipPrompted","QuestionID":"QID10","QuestionType":"Matrix","Selector":"Likert","SubSelector":"SingleAnswer","QuestionDescription":"Please indicate your level of agreement with the following statement about ownership after prompt...","Choices":{"1":{"Display":"When considering the content generated by ChatGPT in response to specific prompts, there\u2019s an intricate interplay between the prompt itself and the resulting text. In this dynamic, prompts serve as catalysts for the AI model\u2019s generation, shaping the direction and nature of the response. However, given that the content is prompted and guided by human input, do you think you own the content ChatGPT made for you?"}},"ChoiceOrder":["1"],"Validation":{"Settings":{"Type":"None"}},"Language":[],"Answers":{"1":{"Display":"Strongly Disagree"},"2":{"Display":"Disagree"},"3":{"Display":"Somewhat Disagree"},"4":{"Display":"Neither Agree nor Disagree"},"5":{"Display":"Somewhat Agree"},"6":{"Display":"Agree"},"7":{"Display":"Strongly Agree"}},"AnswerOrder":["1","2","3","4","5","6","7"]}},{"SurveyID":"SV_6sAAZH7qj0jogRw","Element":"SQ","PrimaryAttribute":"QID9","SecondaryAttribute":"Please indicate your level of agreement with the following statement about ownership.","TertiaryAttribute":null,"Payload":{"QuestionText":"Please indicate your level of agreement with the following statement about ownership.\n","DataExportTag":"SenseOfOwnership","QuestionID":"QID9","QuestionType":"Matrix","Selector":"Likert","SubSelector":"SingleAnswer","QuestionDescription":"Please indicate your level of agreement with the following statement about ownership.","Choices":{"1":{"Display":"Do you think you own the content ChatGPT made for you?"}},"ChoiceOrder":["1"],"Validation":{"Settings":{"Type":"None"}},"Language":[],"Answers":{"1":{"Display":"Strongly Disagree"},"2":{"Display":"Disagree"},"3":{"Display":"Somewhat Disagree"},"4":{"Display":"Neither Agree nor Disagree"},"5":{"Display":"Somewhat Agree"},"6":{"Display":"Agree"},"7":{"Display":"Strongly Agree"}},"AnswerOrder":["1","2","3","4","5","6","7"]}},{"SurveyID":"SV_6sAAZH7qj0jogRw","Element":"SQ","PrimaryAttribute":"QID2","SecondaryAttribute":"Please indicate your level of agreement with the following statement regarding the content you wr...","TertiaryAttribute":null,"Payload":{"QuestionText":"Please indicate your level of agreement with the following statement regarding the content you wrote.\n","DataExportTag":"Ownership","QuestionID":"QID2","QuestionType":"Matrix","Selector":"Likert","SubSelector":"SingleAnswer","QuestionDescription":"Please indicate your level of agreement with the following statement regarding the content you wr...","Choices":{"1":{"Display":"Do you feel ownership of the content you wrote?"}},"ChoiceOrder":["1"],"Validation":{"Settings":{"Type":"None"}},"Language":[],"Answers":{"1":{"Display":"Strongly Disagree"},"2":{"Display":"Disagree"},"3":{"Display":"Somewhat Disagree"},"4":{"Display":"Neither Agree nor Disagree"},"5":{"Display":"Somewhat Agree"},"6":{"Display":"Agree"},"7":{"Display":"Strongly Agree"}},"AnswerOrder":["1","2","3","4","5","6","7"]}},{"SurveyID":"SV_6sAAZH7qj0jogRw","Element":"SQ","PrimaryAttribute":"QID3","SecondaryAttribute":"Please indicate your level of agreement with the following statements regarding the benefits of c...","TertiaryAttribute":null,"Payload":{"QuestionText":"Please indicate your level of agreement with the following statements regarding the benefits of collaborative writing.\n","DataExportTag":"MX1","QuestionID":"QID3","QuestionType":"Matrix","Selector":"Likert","SubSelector":"SingleAnswer","QuestionDescription":"Please indicate your level of agreement with the following statements regarding the benefits of c...","Choices":{"1":{"Display":"Do you think the suggestions you received contributed to the fluency of the resultant text?"},"2":{"Display":"Did the suggestions help you come up with new ideas?"},"3":{"Display":"Do you feel that you would have written a better text if you wrote it alone?"}},"ChoiceOrder":["1","2","3"],"Validation":{"Settings":{"ForceResponse":"ON","ForceResponseType":"ON","Type":"None"}},"Language":[],"Answers":{"1":{"Display":"Strongly Disagree"},"2":{"Display":"Disagree"},"3":{"Display":"Somewhat Disagree"},"4":{"Display":"Neither Agree nor Disagree"},"5":{"Display":"Somewhat Agree"},"6":{"Display":"Agree"},"7":{"Display":"Strongly Agree"}},"AnswerOrder":["1","2","3","4","5","6","7"],"DataVisibility":{"Private":false,"Hidden":false},"Configuration":{"QuestionDescriptionOption":"UseText","TextPosition":"inline","RepeatHeaders":"none","WhiteSpace":"OFF","MobileFirst":true},"NextChoiceId":4,"NextAnswerId":8,"ChoiceDataExportTags":false}},{"SurveyID":"SV_6sAAZH7qj0jogRw","Element":"SQ","PrimaryAttribute":"QID4","SecondaryAttribute":"Please indicate your level of agreement with the following statements regarding the perceived cap...","TertiaryAttribute":null,"Payload":{"QuestionText":"Please indicate your level of agreement with the following statements regarding the perceived capabilities of language models (LMs).\n","DataExportTag":"MX2","QuestionID":"QID4","QuestionType":"Matrix","Selector":"Likert","SubSelector":"SingleAnswer","QuestionDescription":"Please indicate your level of agreement with the following statements regarding the perceived cap...","Choices":{"1":{"Display":"Do you think the system was competent in writing?"},"2":{"Display":"Do you think the system was capable of writing creative texts?"},"3":{"Display":"Do you think the system was capable of writing persuasive texts?"},"4":{"Display":"Do you think the system understood what you were trying to write?"}},"ChoiceOrder":["1","2","3","4"],"Validation":{"Settings":{"Type":"None"}},"Language":[],"Answers":{"1":{"Display":"Strongly Disagree"},"2":{"Display":"Disagree"},"3":{"Display":"Somewhat Disagree"},"4":{"Display":"Neither Agree nor Disagree"},"5":{"Display":"Somewhat Agree"},"6":{"Display":"Agree"},"7":{"Display":"Strongly Agree"}},"AnswerOrder":["1","2","3","4","5","6","7"]}},{"SurveyID":"SV_6sAAZH7qj0jogRw","Element":"SQ","PrimaryAttribute":"QID5","SecondaryAttribute":"Please indicate your level of agreement with the following statements regarding your overall expe...","TertiaryAttribute":null,"Payload":{"QuestionText":"Please indicate your level of agreement with the following statements regarding your overall experience.\n","DataExportTag":"MX4","QuestionID":"QID5","QuestionType":"Matrix","Selector":"Likert","SubSelector":"SingleAnswer","QuestionDescription":"Please indicate your level of agreement with the following statements regarding your overall expe...","Choices":{"1":{"Display":"It was easy to write with the system."},"2":{"Display":"I am satisfied with the advertisement I wrote."},"3":{"Display":"I am confident in my ability to write an advertisement with the help of the system."},"4":{"Display":"I feel like the advertisement is mine."},"5":{"Display":"If the system is available for free, I would reuse the system."}},"ChoiceOrder":["1","2","3","4","5"],"Validation":{"Settings":{"Type":"None"}},"Language":[],"Answers":{"1":{"Display":"Strongly Disagree"},"2":{"Display":"Disagree"},"3":{"Display":"Somewhat Disagree"},"4":{"Display":"Neither Agree nor Disagree"},"5":{"Display":"Somewhat Agree"},"6":{"Display":"Agree"},"7":{"Display":"Strongly Agree"}},"AnswerOrder":["1","2","3","4","5","6","7"],"DataVisibility":{"Private":false,"Hidden":false},"Configuration":{"QuestionDescriptionOption":"UseText","TextPosition":"inline","RepeatHeaders":"none","WhiteSpace":"OFF","MobileFirst":true},"NextChoiceId":6,"NextAnswerId":8,"ChoiceDataExportTags":false}},{"SurveyID":"SV_6sAAZH7qj0jogRw","Element":"SQ","PrimaryAttribute":"QID12","SecondaryAttribute":"Rate usefulness of the features you interacted with (0- low, 100 - high)","TertiaryAttribute":null,"Payload":{"QuestionText":"Rate usefulness of the features you interacted with (0- low, 100 - high)","DefaultChoices":false,"DataExportTag":"Q12","QuestionType":"Slider","Selector":"HSLIDER","DataVisibility":{"Private":false,"Hidden":false},"Configuration":{"QuestionDescriptionOption":"UseText","CSSliderMin":0,"CSSliderMax":100,"GridLines":10,"SnapToGrid":false,"NumDecimals":"0","ShowValue":true,"CustomStart":false,"NotApplicable":true,"MobileFirst":true},"QuestionDescription":"Rate usefulness of the features you interacted with (0- low, 100 - high)","Choices":{"1":{"Display":"Variation - Gain Framing with Anecdotal Information"},"2":{"Display":"Variation - Loss Framing with Anecdotal Information"},"3":{"Display":"Variation - Gain Framing with Statistics"},"4":{"Display":"Variation - Loss Framing with Statistics"},"5":{"Display":"Variation - Short-term Temporal Framing"},"6":{"Display":"Variation - Long-term Temporal Framing"},"7":{"Display":"@ai to Generate New Texts"},"8":{"Display":"Create Continuation"}},"ChoiceOrder":["1","2","3","4","5","6","7","8"],"Validation":{"Settings":{"ForceResponse":"ON","ForceResponseType":"ON","Type":"None"}},"GradingData":[],"Language":[],"NextChoiceId":9,"NextAnswerId":1,"Labels":{"NA":{"Display":"Not Applicable"}},"QuestionID":"QID12"}}]}